{
  "name": "22publish_npm_package",
  "lockfileVersion": 3,
  "requires": true,
  "packages": {
    "": {
      "dependencies": {
        "coder_nitin": "^1.0.1"
      }
    },
    "node_modules/coder_nitin": {
      "version": "1.0.1",
      "resolved": "https://registry.npmjs.org/coder_nitin/-/coder_nitin-1.0.1.tgz",
      "integrity": "sha512-Ty2kXOau7zPLV7KMozYD7FtmhpjEMW3pyE+RIUxcWC4u7Hg6iEjrUxySWNcW5YsUclNounsCq/AQGGbk71NyRw=="
    }
  }
}
